// !$*UTF8*$!
{
	archiveVersion = 1;
	classes = {
	};
	objectVersion = 55;
	objects = {

/* Begin PBXBuildFile section */
		5E1B79E827C7BA7E004B58B4 /* AddTransactionView.swift in Sources */ = {isa = PBXBuildFile; fileRef = 5E1B79E727C7BA7E004B58B4 /* AddTransactionView.swift */; };
		5E41345C27B2E29A006CE29E /* ReportsView.swift in Sources */ = {isa = PBXBuildFile; fileRef = 5E41345B27B2E29A006CE29E /* ReportsView.swift */; };
		5E41345E27B2E2E5006CE29E /* SettingsView.swift in Sources */ = {isa = PBXBuildFile; fileRef = 5E41345D27B2E2E5006CE29E /* SettingsView.swift */; };
		5E5DAD4D27C7E1230014D3ED /* TransactionsPerAccountView.swift in Sources */ = {isa = PBXBuildFile; fileRef = 5E5DAD4C27C7E1230014D3ED /* TransactionsPerAccountView.swift */; };
		5E5DAD4F27C7F2F30014D3ED /* EditTransactionView.swift in Sources */ = {isa = PBXBuildFile; fileRef = 5E5DAD4E27C7F2F30014D3ED /* EditTransactionView.swift */; };
		5E7F74A827A44092009B9BB6 /* LevelApp.swift in Sources */ = {isa = PBXBuildFile; fileRef = 5E7F74A727A44092009B9BB6 /* LevelApp.swift */; };
		5E7F74AA27A44092009B9BB6 /* ContentView.swift in Sources */ = {isa = PBXBuildFile; fileRef = 5E7F74A927A44092009B9BB6 /* ContentView.swift */; };
		5E7F74AC27A44095009B9BB6 /* Assets.xcassets in Resources */ = {isa = PBXBuildFile; fileRef = 5E7F74AB27A44095009B9BB6 /* Assets.xcassets */; };
		5E7F74AF27A44095009B9BB6 /* Preview Assets.xcassets in Resources */ = {isa = PBXBuildFile; fileRef = 5E7F74AE27A44095009B9BB6 /* Preview Assets.xcassets */; };
		5E7F74B127A44095009B9BB6 /* Persistence.swift in Sources */ = {isa = PBXBuildFile; fileRef = 5E7F74B027A44095009B9BB6 /* Persistence.swift */; };
		5E7F74B427A44095009B9BB6 /* Level.xcdatamodeld in Sources */ = {isa = PBXBuildFile; fileRef = 5E7F74B227A44095009B9BB6 /* Level.xcdatamodeld */; };
		5E7F74BE27A44095009B9BB6 /* LevelTests.swift in Sources */ = {isa = PBXBuildFile; fileRef = 5E7F74BD27A44095009B9BB6 /* LevelTests.swift */; };
		5E7F74C827A44095009B9BB6 /* LevelUITests.swift in Sources */ = {isa = PBXBuildFile; fileRef = 5E7F74C727A44095009B9BB6 /* LevelUITests.swift */; };
		5E7F74CA27A44095009B9BB6 /* LevelUITestsLaunchTests.swift in Sources */ = {isa = PBXBuildFile; fileRef = 5E7F74C927A44095009B9BB6 /* LevelUITestsLaunchTests.swift */; };
		5E9A47D427B291510071F53F /* AddCategoryView.swift in Sources */ = {isa = PBXBuildFile; fileRef = 5E9A47D327B291500071F53F /* AddCategoryView.swift */; };
		5E9A47D627B292590071F53F /* EditCategoryView.swift in Sources */ = {isa = PBXBuildFile; fileRef = 5E9A47D527B292590071F53F /* EditCategoryView.swift */; };
		5E9A47D827B2968A0071F53F /* CategoriesView.swift in Sources */ = {isa = PBXBuildFile; fileRef = 5E9A47D727B2968A0071F53F /* CategoriesView.swift */; };
		5E9A47DA27B2BEB40071F53F /* AccountsView.swift in Sources */ = {isa = PBXBuildFile; fileRef = 5E9A47D927B2BEB40071F53F /* AccountsView.swift */; };
		5E9A47DC27B2C1320071F53F /* EditAccountView.swift in Sources */ = {isa = PBXBuildFile; fileRef = 5E9A47DB27B2C1320071F53F /* EditAccountView.swift */; };
		5E9A47DE27B2C1BC0071F53F /* AddAccountView.swift in Sources */ = {isa = PBXBuildFile; fileRef = 5E9A47DD27B2C1BC0071F53F /* AddAccountView.swift */; };
		5EE2B85B27E76EF100F72AD5 /* LevelViewModel.swift in Sources */ = {isa = PBXBuildFile; fileRef = 5EE2B85A27E76EF100F72AD5 /* LevelViewModel.swift */; };
		5EE2B85E27E8B0D500F72AD5 /* Charts in Frameworks */ = {isa = PBXBuildFile; productRef = 5EE2B85D27E8B0D500F72AD5 /* Charts */; };
/* End PBXBuildFile section */

/* Begin PBXContainerItemProxy section */
		5E7F74BA27A44095009B9BB6 /* PBXContainerItemProxy */ = {
			isa = PBXContainerItemProxy;
			containerPortal = 5E7F749C27A44091009B9BB6 /* Project object */;
			proxyType = 1;
			remoteGlobalIDString = 5E7F74A327A44091009B9BB6;
			remoteInfo = Level;
		};
		5E7F74C427A44095009B9BB6 /* PBXContainerItemProxy */ = {
			isa = PBXContainerItemProxy;
			containerPortal = 5E7F749C27A44091009B9BB6 /* Project object */;
			proxyType = 1;
			remoteGlobalIDString = 5E7F74A327A44091009B9BB6;
			remoteInfo = Level;
		};
		5EE2B85627E76E0C00F72AD5 /* PBXContainerItemProxy */ = {
			isa = PBXContainerItemProxy;
			containerPortal = 5E4FA7AF27DB65F900371354 /* Charts.xcodeproj */;
			proxyType = 2;
			remoteGlobalIDString = 65AD9E95D9ED4DC0BD73A743;
			remoteInfo = Charts;
		};
		5EE2B85827E76E0C00F72AD5 /* PBXContainerItemProxy */ = {
			isa = PBXContainerItemProxy;
			containerPortal = 5E4FA7AF27DB65F900371354 /* Charts.xcodeproj */;
			proxyType = 2;
			remoteGlobalIDString = 1CBBC58C6CE1EBEE9852CE41;
			remoteInfo = ChartsTests;
		};
/* End PBXContainerItemProxy section */

/* Begin PBXCopyFilesBuildPhase section */
		5E4FA7BB27DB660F00371354 /* Embed Frameworks */ = {
			isa = PBXCopyFilesBuildPhase;
			buildActionMask = 2147483647;
			dstPath = "";
			dstSubfolderSpec = 10;
			files = (
			);
			name = "Embed Frameworks";
			runOnlyForDeploymentPostprocessing = 0;
		};
/* End PBXCopyFilesBuildPhase section */

/* Begin PBXFileReference section */
		5E1B79E727C7BA7E004B58B4 /* AddTransactionView.swift */ = {isa = PBXFileReference; lastKnownFileType = sourcecode.swift; path = AddTransactionView.swift; sourceTree = "<group>"; };
		5E41345B27B2E29A006CE29E /* ReportsView.swift */ = {isa = PBXFileReference; lastKnownFileType = sourcecode.swift; path = ReportsView.swift; sourceTree = "<group>"; };
		5E41345D27B2E2E5006CE29E /* SettingsView.swift */ = {isa = PBXFileReference; lastKnownFileType = sourcecode.swift; path = SettingsView.swift; sourceTree = "<group>"; };
		5E4FA7AE27DB65A800371354 /* Info.plist */ = {isa = PBXFileReference; lastKnownFileType = text.plist; path = Info.plist; sourceTree = "<group>"; };
		5E4FA7AF27DB65F900371354 /* Charts.xcodeproj */ = {isa = PBXFileReference; lastKnownFileType = "wrapper.pb-project"; name = Charts.xcodeproj; path = "../Charts-4.0.2/Charts.xcodeproj"; sourceTree = "<group>"; };
		5E5DAD4C27C7E1230014D3ED /* TransactionsPerAccountView.swift */ = {isa = PBXFileReference; lastKnownFileType = sourcecode.swift; path = TransactionsPerAccountView.swift; sourceTree = "<group>"; };
		5E5DAD4E27C7F2F30014D3ED /* EditTransactionView.swift */ = {isa = PBXFileReference; lastKnownFileType = sourcecode.swift; path = EditTransactionView.swift; sourceTree = "<group>"; };
		5E7F74A427A44092009B9BB6 /* Level.app */ = {isa = PBXFileReference; explicitFileType = wrapper.application; includeInIndex = 0; path = Level.app; sourceTree = BUILT_PRODUCTS_DIR; };
		5E7F74A727A44092009B9BB6 /* LevelApp.swift */ = {isa = PBXFileReference; lastKnownFileType = sourcecode.swift; path = LevelApp.swift; sourceTree = "<group>"; };
		5E7F74A927A44092009B9BB6 /* ContentView.swift */ = {isa = PBXFileReference; lastKnownFileType = sourcecode.swift; path = ContentView.swift; sourceTree = "<group>"; };
		5E7F74AB27A44095009B9BB6 /* Assets.xcassets */ = {isa = PBXFileReference; lastKnownFileType = folder.assetcatalog; path = Assets.xcassets; sourceTree = "<group>"; };
		5E7F74AE27A44095009B9BB6 /* Preview Assets.xcassets */ = {isa = PBXFileReference; lastKnownFileType = folder.assetcatalog; path = "Preview Assets.xcassets"; sourceTree = "<group>"; };
		5E7F74B027A44095009B9BB6 /* Persistence.swift */ = {isa = PBXFileReference; lastKnownFileType = sourcecode.swift; path = Persistence.swift; sourceTree = "<group>"; };
		5E7F74B327A44095009B9BB6 /* Level.xcdatamodel */ = {isa = PBXFileReference; lastKnownFileType = wrapper.xcdatamodel; path = Level.xcdatamodel; sourceTree = "<group>"; };
		5E7F74B927A44095009B9BB6 /* LevelTests.xctest */ = {isa = PBXFileReference; explicitFileType = wrapper.cfbundle; includeInIndex = 0; path = LevelTests.xctest; sourceTree = BUILT_PRODUCTS_DIR; };
		5E7F74BD27A44095009B9BB6 /* LevelTests.swift */ = {isa = PBXFileReference; lastKnownFileType = sourcecode.swift; path = LevelTests.swift; sourceTree = "<group>"; };
		5E7F74C327A44095009B9BB6 /* LevelUITests.xctest */ = {isa = PBXFileReference; explicitFileType = wrapper.cfbundle; includeInIndex = 0; path = LevelUITests.xctest; sourceTree = BUILT_PRODUCTS_DIR; };
		5E7F74C727A44095009B9BB6 /* LevelUITests.swift */ = {isa = PBXFileReference; lastKnownFileType = sourcecode.swift; path = LevelUITests.swift; sourceTree = "<group>"; };
		5E7F74C927A44095009B9BB6 /* LevelUITestsLaunchTests.swift */ = {isa = PBXFileReference; lastKnownFileType = sourcecode.swift; path = LevelUITestsLaunchTests.swift; sourceTree = "<group>"; };
		5E9A47D327B291500071F53F /* AddCategoryView.swift */ = {isa = PBXFileReference; lastKnownFileType = sourcecode.swift; path = AddCategoryView.swift; sourceTree = "<group>"; };
		5E9A47D527B292590071F53F /* EditCategoryView.swift */ = {isa = PBXFileReference; lastKnownFileType = sourcecode.swift; path = EditCategoryView.swift; sourceTree = "<group>"; };
		5E9A47D727B2968A0071F53F /* CategoriesView.swift */ = {isa = PBXFileReference; lastKnownFileType = sourcecode.swift; path = CategoriesView.swift; sourceTree = "<group>"; };
		5E9A47D927B2BEB40071F53F /* AccountsView.swift */ = {isa = PBXFileReference; lastKnownFileType = sourcecode.swift; path = AccountsView.swift; sourceTree = "<group>"; };
		5E9A47DB27B2C1320071F53F /* EditAccountView.swift */ = {isa = PBXFileReference; lastKnownFileType = sourcecode.swift; path = EditAccountView.swift; sourceTree = "<group>"; };
		5E9A47DD27B2C1BC0071F53F /* AddAccountView.swift */ = {isa = PBXFileReference; lastKnownFileType = sourcecode.swift; path = AddAccountView.swift; sourceTree = "<group>"; };
		5EE2B85A27E76EF100F72AD5 /* LevelViewModel.swift */ = {isa = PBXFileReference; lastKnownFileType = sourcecode.swift; path = LevelViewModel.swift; sourceTree = "<group>"; };
/* End PBXFileReference section */

/* Begin PBXFrameworksBuildPhase section */
		5E7F74A127A44091009B9BB6 /* Frameworks */ = {
			isa = PBXFrameworksBuildPhase;
			buildActionMask = 2147483647;
			files = (
				5EE2B85E27E8B0D500F72AD5 /* Charts in Frameworks */,
			);
			runOnlyForDeploymentPostprocessing = 0;
		};
		5E7F74B627A44095009B9BB6 /* Frameworks */ = {
			isa = PBXFrameworksBuildPhase;
			buildActionMask = 2147483647;
			files = (
			);
			runOnlyForDeploymentPostprocessing = 0;
		};
		5E7F74C027A44095009B9BB6 /* Frameworks */ = {
			isa = PBXFrameworksBuildPhase;
			buildActionMask = 2147483647;
			files = (
			);
			runOnlyForDeploymentPostprocessing = 0;
		};
/* End PBXFrameworksBuildPhase section */

/* Begin PBXGroup section */
		5E41345727B2D78D006CE29E /* Views */ = {
			isa = PBXGroup;
			children = (
				5E41345A27B2DFC2006CE29E /* Tabs */,
				5E41345827B2D9BE006CE29E /* Add */,
				5E41345927B2D9C6006CE29E /* Edit */,
				5E7F74A927A44092009B9BB6 /* ContentView.swift */,
				5E5DAD4C27C7E1230014D3ED /* TransactionsPerAccountView.swift */,
			);
			path = Views;
			sourceTree = "<group>";
		};
		5E41345827B2D9BE006CE29E /* Add */ = {
			isa = PBXGroup;
			children = (
				5E9A47D327B291500071F53F /* AddCategoryView.swift */,
				5E9A47DD27B2C1BC0071F53F /* AddAccountView.swift */,
				5E1B79E727C7BA7E004B58B4 /* AddTransactionView.swift */,
			);
			path = Add;
			sourceTree = "<group>";
		};
		5E41345927B2D9C6006CE29E /* Edit */ = {
			isa = PBXGroup;
			children = (
				5E9A47D527B292590071F53F /* EditCategoryView.swift */,
				5E9A47DB27B2C1320071F53F /* EditAccountView.swift */,
				5E5DAD4E27C7F2F30014D3ED /* EditTransactionView.swift */,
			);
			path = Edit;
			sourceTree = "<group>";
		};
		5E41345A27B2DFC2006CE29E /* Tabs */ = {
			isa = PBXGroup;
			children = (
				5E9A47D727B2968A0071F53F /* CategoriesView.swift */,
				5E9A47D927B2BEB40071F53F /* AccountsView.swift */,
				5E41345B27B2E29A006CE29E /* ReportsView.swift */,
				5E41345D27B2E2E5006CE29E /* SettingsView.swift */,
			);
			path = Tabs;
			sourceTree = "<group>";
		};
		5E4FA7B827DB660F00371354 /* Frameworks */ = {
			isa = PBXGroup;
			children = (
			);
			name = Frameworks;
			sourceTree = "<group>";
		};
		5E7F749B27A44091009B9BB6 = {
			isa = PBXGroup;
			children = (
				5E7F74A627A44092009B9BB6 /* Level */,
				5E7F74BC27A44095009B9BB6 /* LevelTests */,
				5E7F74C627A44095009B9BB6 /* LevelUITests */,
				5E7F74A527A44092009B9BB6 /* Products */,
				5E4FA7B827DB660F00371354 /* Frameworks */,
			);
			sourceTree = "<group>";
		};
		5E7F74A527A44092009B9BB6 /* Products */ = {
			isa = PBXGroup;
			children = (
				5E7F74A427A44092009B9BB6 /* Level.app */,
				5E7F74B927A44095009B9BB6 /* LevelTests.xctest */,
				5E7F74C327A44095009B9BB6 /* LevelUITests.xctest */,
			);
			name = Products;
			sourceTree = "<group>";
		};
		5E7F74A627A44092009B9BB6 /* Level */ = {
			isa = PBXGroup;
			children = (
				5E4FA7AF27DB65F900371354 /* Charts.xcodeproj */,
				5E4FA7AE27DB65A800371354 /* Info.plist */,
				5E41345727B2D78D006CE29E /* Views */,
				5E7F74A727A44092009B9BB6 /* LevelApp.swift */,
				5E7F74AB27A44095009B9BB6 /* Assets.xcassets */,
				5E7F74B027A44095009B9BB6 /* Persistence.swift */,
				5E7F74B227A44095009B9BB6 /* Level.xcdatamodeld */,
				5E7F74AD27A44095009B9BB6 /* Preview Content */,
				5EE2B85A27E76EF100F72AD5 /* LevelViewModel.swift */,
			);
			path = Level;
			sourceTree = "<group>";
		};
		5E7F74AD27A44095009B9BB6 /* Preview Content */ = {
			isa = PBXGroup;
			children = (
				5E7F74AE27A44095009B9BB6 /* Preview Assets.xcassets */,
			);
			path = "Preview Content";
			sourceTree = "<group>";
		};
		5E7F74BC27A44095009B9BB6 /* LevelTests */ = {
			isa = PBXGroup;
			children = (
				5E7F74BD27A44095009B9BB6 /* LevelTests.swift */,
			);
			path = LevelTests;
			sourceTree = "<group>";
		};
		5E7F74C627A44095009B9BB6 /* LevelUITests */ = {
			isa = PBXGroup;
			children = (
				5E7F74C727A44095009B9BB6 /* LevelUITests.swift */,
				5E7F74C927A44095009B9BB6 /* LevelUITestsLaunchTests.swift */,
			);
			path = LevelUITests;
			sourceTree = "<group>";
		};
		5EE2B85227E76E0C00F72AD5 /* Products */ = {
			isa = PBXGroup;
			children = (
				5EE2B85727E76E0C00F72AD5 /* Charts.framework */,
				5EE2B85927E76E0C00F72AD5 /* ChartsTests.xctest */,
			);
			name = Products;
			sourceTree = "<group>";
		};
/* End PBXGroup section */

/* Begin PBXNativeTarget section */
		5E7F74A327A44091009B9BB6 /* Level */ = {
			isa = PBXNativeTarget;
			buildConfigurationList = 5E7F74CD27A44095009B9BB6 /* Build configuration list for PBXNativeTarget "Level" */;
			buildPhases = (
				5E7F74A027A44091009B9BB6 /* Sources */,
				5E7F74A127A44091009B9BB6 /* Frameworks */,
				5E7F74A227A44091009B9BB6 /* Resources */,
				5E4FA7BB27DB660F00371354 /* Embed Frameworks */,
			);
			buildRules = (
			);
			dependencies = (
			);
			name = Level;
			packageProductDependencies = (
				5EE2B85D27E8B0D500F72AD5 /* Charts */,
			);
			productName = Level;
			productReference = 5E7F74A427A44092009B9BB6 /* Level.app */;
			productType = "com.apple.product-type.application";
		};
		5E7F74B827A44095009B9BB6 /* LevelTests */ = {
			isa = PBXNativeTarget;
			buildConfigurationList = 5E7F74D027A44095009B9BB6 /* Build configuration list for PBXNativeTarget "LevelTests" */;
			buildPhases = (
				5E7F74B527A44095009B9BB6 /* Sources */,
				5E7F74B627A44095009B9BB6 /* Frameworks */,
				5E7F74B727A44095009B9BB6 /* Resources */,
			);
			buildRules = (
			);
			dependencies = (
				5E7F74BB27A44095009B9BB6 /* PBXTargetDependency */,
			);
			name = LevelTests;
			productName = LevelTests;
			productReference = 5E7F74B927A44095009B9BB6 /* LevelTests.xctest */;
			productType = "com.apple.product-type.bundle.unit-test";
		};
		5E7F74C227A44095009B9BB6 /* LevelUITests */ = {
			isa = PBXNativeTarget;
			buildConfigurationList = 5E7F74D327A44095009B9BB6 /* Build configuration list for PBXNativeTarget "LevelUITests" */;
			buildPhases = (
				5E7F74BF27A44095009B9BB6 /* Sources */,
				5E7F74C027A44095009B9BB6 /* Frameworks */,
				5E7F74C127A44095009B9BB6 /* Resources */,
			);
			buildRules = (
			);
			dependencies = (
				5E7F74C527A44095009B9BB6 /* PBXTargetDependency */,
			);
			name = LevelUITests;
			productName = LevelUITests;
			productReference = 5E7F74C327A44095009B9BB6 /* LevelUITests.xctest */;
			productType = "com.apple.product-type.bundle.ui-testing";
		};
/* End PBXNativeTarget section */

/* Begin PBXProject section */
		5E7F749C27A44091009B9BB6 /* Project object */ = {
			isa = PBXProject;
			attributes = {
				BuildIndependentTargetsInParallel = 1;
				LastSwiftUpdateCheck = 1320;
				LastUpgradeCheck = 1320;
				TargetAttributes = {
					5E7F74A327A44091009B9BB6 = {
						CreatedOnToolsVersion = 13.2.1;
					};
					5E7F74B827A44095009B9BB6 = {
						CreatedOnToolsVersion = 13.2.1;
						TestTargetID = 5E7F74A327A44091009B9BB6;
					};
					5E7F74C227A44095009B9BB6 = {
						CreatedOnToolsVersion = 13.2.1;
						TestTargetID = 5E7F74A327A44091009B9BB6;
					};
				};
			};
			buildConfigurationList = 5E7F749F27A44091009B9BB6 /* Build configuration list for PBXProject "Level" */;
			compatibilityVersion = "Xcode 13.0";
			developmentRegion = en;
			hasScannedForEncodings = 0;
			knownRegions = (
				en,
				Base,
			);
			mainGroup = 5E7F749B27A44091009B9BB6;
			packageReferences = (
				5EE2B85C27E8B0D500F72AD5 /* XCRemoteSwiftPackageReference "Charts" */,
			);
			productRefGroup = 5E7F74A527A44092009B9BB6 /* Products */;
			projectDirPath = "";
			projectReferences = (
				{
					ProductGroup = 5EE2B85227E76E0C00F72AD5 /* Products */;
					ProjectRef = 5E4FA7AF27DB65F900371354 /* Charts.xcodeproj */;
				},
			);
			projectRoot = "";
			targets = (
				5E7F74A327A44091009B9BB6 /* Level */,
				5E7F74B827A44095009B9BB6 /* LevelTests */,
				5E7F74C227A44095009B9BB6 /* LevelUITests */,
			);
		};
/* End PBXProject section */

/* Begin PBXReferenceProxy section */
		5EE2B85727E76E0C00F72AD5 /* Charts.framework */ = {
			isa = PBXReferenceProxy;
			fileType = wrapper.framework;
			path = Charts.framework;
			remoteRef = 5EE2B85627E76E0C00F72AD5 /* PBXContainerItemProxy */;
			sourceTree = BUILT_PRODUCTS_DIR;
		};
		5EE2B85927E76E0C00F72AD5 /* ChartsTests.xctest */ = {
			isa = PBXReferenceProxy;
			fileType = wrapper.cfbundle;
			path = ChartsTests.xctest;
			remoteRef = 5EE2B85827E76E0C00F72AD5 /* PBXContainerItemProxy */;
			sourceTree = BUILT_PRODUCTS_DIR;
		};
/* End PBXReferenceProxy section */

/* Begin PBXResourcesBuildPhase section */
		5E7F74A227A44091009B9BB6 /* Resources */ = {
			isa = PBXResourcesBuildPhase;
			buildActionMask = 2147483647;
			files = (
				5E7F74AF27A44095009B9BB6 /* Preview Assets.xcassets in Resources */,
				5E7F74AC27A44095009B9BB6 /* Assets.xcassets in Resources */,
			);
			runOnlyForDeploymentPostprocessing = 0;
		};
		5E7F74B727A44095009B9BB6 /* Resources */ = {
			isa = PBXResourcesBuildPhase;
			buildActionMask = 2147483647;
			files = (
			);
			runOnlyForDeploymentPostprocessing = 0;
		};
		5E7F74C127A44095009B9BB6 /* Resources */ = {
			isa = PBXResourcesBuildPhase;
			buildActionMask = 2147483647;
			files = (
			);
			runOnlyForDeploymentPostprocessing = 0;
		};
/* End PBXResourcesBuildPhase section */

/* Begin PBXSourcesBuildPhase section */
		5E7F74A027A44091009B9BB6 /* Sources */ = {
			isa = PBXSourcesBuildPhase;
			buildActionMask = 2147483647;
			files = (
				5E9A47DA27B2BEB40071F53F /* AccountsView.swift in Sources */,
				5E1B79E827C7BA7E004B58B4 /* AddTransactionView.swift in Sources */,
				5E7F74B127A44095009B9BB6 /* Persistence.swift in Sources */,
				5EE2B85B27E76EF100F72AD5 /* LevelViewModel.swift in Sources */,
				5E9A47DE27B2C1BC0071F53F /* AddAccountView.swift in Sources */,
				5E9A47D827B2968A0071F53F /* CategoriesView.swift in Sources */,
				5E5DAD4F27C7F2F30014D3ED /* EditTransactionView.swift in Sources */,
				5E9A47DC27B2C1320071F53F /* EditAccountView.swift in Sources */,
				5E7F74AA27A44092009B9BB6 /* ContentView.swift in Sources */,
				5E7F74B427A44095009B9BB6 /* Level.xcdatamodeld in Sources */,
				5E5DAD4D27C7E1230014D3ED /* TransactionsPerAccountView.swift in Sources */,
				5E9A47D427B291510071F53F /* AddCategoryView.swift in Sources */,
				5E9A47D627B292590071F53F /* EditCategoryView.swift in Sources */,
				5E41345E27B2E2E5006CE29E /* SettingsView.swift in Sources */,
				5E7F74A827A44092009B9BB6 /* LevelApp.swift in Sources */,
				5E41345C27B2E29A006CE29E /* ReportsView.swift in Sources */,
			);
			runOnlyForDeploymentPostprocessing = 0;
		};
		5E7F74B527A44095009B9BB6 /* Sources */ = {
			isa = PBXSourcesBuildPhase;
			buildActionMask = 2147483647;
			files = (
				5E7F74BE27A44095009B9BB6 /* LevelTests.swift in Sources */,
			);
			runOnlyForDeploymentPostprocessing = 0;
		};
		5E7F74BF27A44095009B9BB6 /* Sources */ = {
			isa = PBXSourcesBuildPhase;
			buildActionMask = 2147483647;
			files = (
				5E7F74C827A44095009B9BB6 /* LevelUITests.swift in Sources */,
				5E7F74CA27A44095009B9BB6 /* LevelUITestsLaunchTests.swift in Sources */,
			);
			runOnlyForDeploymentPostprocessing = 0;
		};
/* End PBXSourcesBuildPhase section */

/* Begin PBXTargetDependency section */
		5E7F74BB27A44095009B9BB6 /* PBXTargetDependency */ = {
			isa = PBXTargetDependency;
			target = 5E7F74A327A44091009B9BB6 /* Level */;
			targetProxy = 5E7F74BA27A44095009B9BB6 /* PBXContainerItemProxy */;
		};
		5E7F74C527A44095009B9BB6 /* PBXTargetDependency */ = {
			isa = PBXTargetDependency;
			target = 5E7F74A327A44091009B9BB6 /* Level */;
			targetProxy = 5E7F74C427A44095009B9BB6 /* PBXContainerItemProxy */;
		};
/* End PBXTargetDependency section */

/* Begin XCBuildConfiguration section */
		5E7F74CB27A44095009B9BB6 /* Debug */ = {
			isa = XCBuildConfiguration;
			buildSettings = {
				ALWAYS_SEARCH_USER_PATHS = NO;
				CLANG_ANALYZER_NONNULL = YES;
				CLANG_ANALYZER_NUMBER_OBJECT_CONVERSION = YES_AGGRESSIVE;
				CLANG_CXX_LANGUAGE_STANDARD = "gnu++17";
				CLANG_CXX_LIBRARY = "libc++";
				CLANG_ENABLE_MODULES = YES;
				CLANG_ENABLE_OBJC_ARC = YES;
				CLANG_ENABLE_OBJC_WEAK = YES;
				CLANG_WARN_BLOCK_CAPTURE_AUTORELEASING = YES;
				CLANG_WARN_BOOL_CONVERSION = YES;
				CLANG_WARN_COMMA = YES;
				CLANG_WARN_CONSTANT_CONVERSION = YES;
				CLANG_WARN_DEPRECATED_OBJC_IMPLEMENTATIONS = YES;
				CLANG_WARN_DIRECT_OBJC_ISA_USAGE = YES_ERROR;
				CLANG_WARN_DOCUMENTATION_COMMENTS = YES;
				CLANG_WARN_EMPTY_BODY = YES;
				CLANG_WARN_ENUM_CONVERSION = YES;
				CLANG_WARN_INFINITE_RECURSION = YES;
				CLANG_WARN_INT_CONVERSION = YES;
				CLANG_WARN_NON_LITERAL_NULL_CONVERSION = YES;
				CLANG_WARN_OBJC_IMPLICIT_RETAIN_SELF = YES;
				CLANG_WARN_OBJC_LITERAL_CONVERSION = YES;
				CLANG_WARN_OBJC_ROOT_CLASS = YES_ERROR;
				CLANG_WARN_QUOTED_INCLUDE_IN_FRAMEWORK_HEADER = YES;
				CLANG_WARN_RANGE_LOOP_ANALYSIS = YES;
				CLANG_WARN_STRICT_PROTOTYPES = YES;
				CLANG_WARN_SUSPICIOUS_MOVE = YES;
				CLANG_WARN_UNGUARDED_AVAILABILITY = YES_AGGRESSIVE;
				CLANG_WARN_UNREACHABLE_CODE = YES;
				CLANG_WARN__DUPLICATE_METHOD_MATCH = YES;
				COPY_PHASE_STRIP = NO;
				DEBUG_INFORMATION_FORMAT = dwarf;
				ENABLE_STRICT_OBJC_MSGSEND = YES;
				ENABLE_TESTABILITY = YES;
				GCC_C_LANGUAGE_STANDARD = gnu11;
				GCC_DYNAMIC_NO_PIC = NO;
				GCC_NO_COMMON_BLOCKS = YES;
				GCC_OPTIMIZATION_LEVEL = 0;
				GCC_PREPROCESSOR_DEFINITIONS = (
					"DEBUG=1",
					"$(inherited)",
				);
				GCC_WARN_64_TO_32_BIT_CONVERSION = YES;
				GCC_WARN_ABOUT_RETURN_TYPE = YES_ERROR;
				GCC_WARN_UNDECLARED_SELECTOR = YES;
				GCC_WARN_UNINITIALIZED_AUTOS = YES_AGGRESSIVE;
				GCC_WARN_UNUSED_FUNCTION = YES;
				GCC_WARN_UNUSED_VARIABLE = YES;
				IPHONEOS_DEPLOYMENT_TARGET = 15.2;
				MTL_ENABLE_DEBUG_INFO = INCLUDE_SOURCE;
				MTL_FAST_MATH = YES;
				ONLY_ACTIVE_ARCH = YES;
				PRODUCT_NAME = Level;
				SDKROOT = iphoneos;
				SWIFT_ACTIVE_COMPILATION_CONDITIONS = DEBUG;
				SWIFT_OPTIMIZATION_LEVEL = "-Onone";
			};
			name = Debug;
		};
		5E7F74CC27A44095009B9BB6 /* Release */ = {
			isa = XCBuildConfiguration;
			buildSettings = {
				ALWAYS_SEARCH_USER_PATHS = NO;
				CLANG_ANALYZER_NONNULL = YES;
				CLANG_ANALYZER_NUMBER_OBJECT_CONVERSION = YES_AGGRESSIVE;
				CLANG_CXX_LANGUAGE_STANDARD = "gnu++17";
				CLANG_CXX_LIBRARY = "libc++";
				CLANG_ENABLE_MODULES = YES;
				CLANG_ENABLE_OBJC_ARC = YES;
				CLANG_ENABLE_OBJC_WEAK = YES;
				CLANG_WARN_BLOCK_CAPTURE_AUTORELEASING = YES;
				CLANG_WARN_BOOL_CONVERSION = YES;
				CLANG_WARN_COMMA = YES;
				CLANG_WARN_CONSTANT_CONVERSION = YES;
				CLANG_WARN_DEPRECATED_OBJC_IMPLEMENTATIONS = YES;
				CLANG_WARN_DIRECT_OBJC_ISA_USAGE = YES_ERROR;
				CLANG_WARN_DOCUMENTATION_COMMENTS = YES;
				CLANG_WARN_EMPTY_BODY = YES;
				CLANG_WARN_ENUM_CONVERSION = YES;
				CLANG_WARN_INFINITE_RECURSION = YES;
				CLANG_WARN_INT_CONVERSION = YES;
				CLANG_WARN_NON_LITERAL_NULL_CONVERSION = YES;
				CLANG_WARN_OBJC_IMPLICIT_RETAIN_SELF = YES;
				CLANG_WARN_OBJC_LITERAL_CONVERSION = YES;
				CLANG_WARN_OBJC_ROOT_CLASS = YES_ERROR;
				CLANG_WARN_QUOTED_INCLUDE_IN_FRAMEWORK_HEADER = YES;
				CLANG_WARN_RANGE_LOOP_ANALYSIS = YES;
				CLANG_WARN_STRICT_PROTOTYPES = YES;
				CLANG_WARN_SUSPICIOUS_MOVE = YES;
				CLANG_WARN_UNGUARDED_AVAILABILITY = YES_AGGRESSIVE;
				CLANG_WARN_UNREACHABLE_CODE = YES;
				CLANG_WARN__DUPLICATE_METHOD_MATCH = YES;
				COPY_PHASE_STRIP = NO;
				DEBUG_INFORMATION_FORMAT = "dwarf-with-dsym";
				ENABLE_NS_ASSERTIONS = NO;
				ENABLE_STRICT_OBJC_MSGSEND = YES;
				GCC_C_LANGUAGE_STANDARD = gnu11;
				GCC_NO_COMMON_BLOCKS = YES;
				GCC_WARN_64_TO_32_BIT_CONVERSION = YES;
				GCC_WARN_ABOUT_RETURN_TYPE = YES_ERROR;
				GCC_WARN_UNDECLARED_SELECTOR = YES;
				GCC_WARN_UNINITIALIZED_AUTOS = YES_AGGRESSIVE;
				GCC_WARN_UNUSED_FUNCTION = YES;
				GCC_WARN_UNUSED_VARIABLE = YES;
				IPHONEOS_DEPLOYMENT_TARGET = 15.2;
				MTL_ENABLE_DEBUG_INFO = NO;
				MTL_FAST_MATH = YES;
				PRODUCT_NAME = Level;
				SDKROOT = iphoneos;
				SWIFT_COMPILATION_MODE = wholemodule;
				SWIFT_OPTIMIZATION_LEVEL = "-O";
				VALIDATE_PRODUCT = YES;
			};
			name = Release;
		};
		5E7F74CE27A44095009B9BB6 /* Debug */ = {
			isa = XCBuildConfiguration;
			buildSettings = {
				ASSETCATALOG_COMPILER_APPICON_NAME = AppIcon;
				ASSETCATALOG_COMPILER_GLOBAL_ACCENT_COLOR_NAME = AccentColor;
				CODE_SIGN_STYLE = Automatic;
				CURRENT_PROJECT_VERSION = 1;
				DEVELOPMENT_ASSET_PATHS = "\"Level/Preview Content\"";
				DEVELOPMENT_TEAM = 43TC24Q7CE;
				ENABLE_PREVIEWS = YES;
				GENERATE_INFOPLIST_FILE = YES;
				INFOPLIST_FILE = Level/Info.plist;
				INFOPLIST_KEY_CFBundleDisplayName = BudgetBar;
				INFOPLIST_KEY_UIApplicationSupportsIndirectInputEvents = YES;
				INFOPLIST_KEY_UILaunchScreen_Generation = YES;
				INFOPLIST_KEY_UISupportedInterfaceOrientations_iPad = "UIInterfaceOrientationPortrait UIInterfaceOrientationPortraitUpsideDown UIInterfaceOrientationLandscapeLeft UIInterfaceOrientationLandscapeRight";
				INFOPLIST_KEY_UISupportedInterfaceOrientations_iPhone = "UIInterfaceOrientationPortrait UIInterfaceOrientationLandscapeLeft UIInterfaceOrientationLandscapeRight";
				LD_RUNPATH_SEARCH_PATHS = (
					"$(inherited)",
					"@executable_path/Frameworks",
				);
				MARKETING_VERSION = 1.0;
				PRODUCT_BUNDLE_IDENTIFIER = pszczypkowski.Level;
				PRODUCT_NAME = "$(TARGET_NAME)";
				SWIFT_EMIT_LOC_STRINGS = YES;
				SWIFT_VERSION = 5.0;
				TARGETED_DEVICE_FAMILY = "1,2";
			};
			name = Debug;
		};
		5E7F74CF27A44095009B9BB6 /* Release */ = {
			isa = XCBuildConfiguration;
			buildSettings = {
				ASSETCATALOG_COMPILER_APPICON_NAME = AppIcon;
				ASSETCATALOG_COMPILER_GLOBAL_ACCENT_COLOR_NAME = AccentColor;
				CODE_SIGN_STYLE = Automatic;
				CURRENT_PROJECT_VERSION = 1;
				DEVELOPMENT_ASSET_PATHS = "\"Level/Preview Content\"";
				DEVELOPMENT_TEAM = 43TC24Q7CE;
				ENABLE_PREVIEWS = YES;
				GENERATE_INFOPLIST_FILE = YES;
				INFOPLIST_FILE = Level/Info.plist;
				INFOPLIST_KEY_CFBundleDisplayName = BudgetBar;
				INFOPLIST_KEY_UIApplicationSupportsIndirectInputEvents = YES;
				INFOPLIST_KEY_UILaunchScreen_Generation = YES;
				INFOPLIST_KEY_UISupportedInterfaceOrientations_iPad = "UIInterfaceOrientationPortrait UIInterfaceOrientationPortraitUpsideDown UIInterfaceOrientationLandscapeLeft UIInterfaceOrientationLandscapeRight";
				INFOPLIST_KEY_UISupportedInterfaceOrientations_iPhone = "UIInterfaceOrientationPortrait UIInterfaceOrientationLandscapeLeft UIInterfaceOrientationLandscapeRight";
				LD_RUNPATH_SEARCH_PATHS = (
					"$(inherited)",
					"@executable_path/Frameworks",
				);
				MARKETING_VERSION = 1.0;
				PRODUCT_BUNDLE_IDENTIFIER = pszczypkowski.Level;
				PRODUCT_NAME = "$(TARGET_NAME)";
				SWIFT_EMIT_LOC_STRINGS = YES;
				SWIFT_VERSION = 5.0;
				TARGETED_DEVICE_FAMILY = "1,2";
			};
			name = Release;
		};
		5E7F74D127A44095009B9BB6 /* Debug */ = {
			isa = XCBuildConfiguration;
			buildSettings = {
				ALWAYS_EMBED_SWIFT_STANDARD_LIBRARIES = YES;
				BUNDLE_LOADER = "$(TEST_HOST)";
				CODE_SIGN_STYLE = Automatic;
				CURRENT_PROJECT_VERSION = 1;
				DEVELOPMENT_TEAM = 43TC24Q7CE;
				GENERATE_INFOPLIST_FILE = YES;
				IPHONEOS_DEPLOYMENT_TARGET = 15.2;
				MARKETING_VERSION = 1.0;
				PRODUCT_BUNDLE_IDENTIFIER = pszczypkowski.LevelTests;
				PRODUCT_NAME = "$(TARGET_NAME)";
				SWIFT_EMIT_LOC_STRINGS = NO;
				SWIFT_VERSION = 5.0;
				TARGETED_DEVICE_FAMILY = "1,2";
				TEST_HOST = "$(BUILT_PRODUCTS_DIR)/Level.app/Level";
			};
			name = Debug;
		};
		5E7F74D227A44095009B9BB6 /* Release */ = {
			isa = XCBuildConfiguration;
			buildSettings = {
				ALWAYS_EMBED_SWIFT_STANDARD_LIBRARIES = YES;
				BUNDLE_LOADER = "$(TEST_HOST)";
				CODE_SIGN_STYLE = Automatic;
				CURRENT_PROJECT_VERSION = 1;
				DEVELOPMENT_TEAM = 43TC24Q7CE;
				GENERATE_INFOPLIST_FILE = YES;
				IPHONEOS_DEPLOYMENT_TARGET = 15.2;
				MARKETING_VERSION = 1.0;
				PRODUCT_BUNDLE_IDENTIFIER = pszczypkowski.LevelTests;
				PRODUCT_NAME = "$(TARGET_NAME)";
				SWIFT_EMIT_LOC_STRINGS = NO;
				SWIFT_VERSION = 5.0;
				TARGETED_DEVICE_FAMILY = "1,2";
				TEST_HOST = "$(BUILT_PRODUCTS_DIR)/Level.app/Level";
			};
			name = Release;
		};
		5E7F74D427A44095009B9BB6 /* Debug */ = {
			isa = XCBuildConfiguration;
			buildSettings = {
				ALWAYS_EMBED_SWIFT_STANDARD_LIBRARIES = YES;
				CODE_SIGN_STYLE = Automatic;
				CURRENT_PROJECT_VERSION = 1;
				DEVELOPMENT_TEAM = 43TC24Q7CE;
				GENERATE_INFOPLIST_FILE = YES;
				MARKETING_VERSION = 1.0;
				PRODUCT_BUNDLE_IDENTIFIER = pszczypkowski.LevelUITests;
				PRODUCT_NAME = "$(TARGET_NAME)";
				SWIFT_EMIT_LOC_STRINGS = NO;
				SWIFT_VERSION = 5.0;
				TARGETED_DEVICE_FAMILY = "1,2";
				TEST_TARGET_NAME = Level;
			};
			name = Debug;
		};
		5E7F74D527A44095009B9BB6 /* Release */ = {
			isa = XCBuildConfiguration;
			buildSettings = {
				ALWAYS_EMBED_SWIFT_STANDARD_LIBRARIES = YES;
				CODE_SIGN_STYLE = Automatic;
				CURRENT_PROJECT_VERSION = 1;
				DEVELOPMENT_TEAM = 43TC24Q7CE;
				GENERATE_INFOPLIST_FILE = YES;
				MARKETING_VERSION = 1.0;
				PRODUCT_BUNDLE_IDENTIFIER = pszczypkowski.LevelUITests;
				PRODUCT_NAME = "$(TARGET_NAME)";
				SWIFT_EMIT_LOC_STRINGS = NO;
				SWIFT_VERSION = 5.0;
				TARGETED_DEVICE_FAMILY = "1,2";
				TEST_TARGET_NAME = Level;
			};
			name = Release;
		};
/* End XCBuildConfiguration section */

/* Begin XCConfigurationList section */
		5E7F749F27A44091009B9BB6 /* Build configuration list for PBXProject "Level" */ = {
			isa = XCConfigurationList;
			buildConfigurations = (
				5E7F74CB27A44095009B9BB6 /* Debug */,
				5E7F74CC27A44095009B9BB6 /* Release */,
			);
			defaultConfigurationIsVisible = 0;
			defaultConfigurationName = Release;
		};
		5E7F74CD27A44095009B9BB6 /* Build configuration list for PBXNativeTarget "Level" */ = {
			isa = XCConfigurationList;
			buildConfigurations = (
				5E7F74CE27A44095009B9BB6 /* Debug */,
				5E7F74CF27A44095009B9BB6 /* Release */,
			);
			defaultConfigurationIsVisible = 0;
			defaultConfigurationName = Release;
		};
		5E7F74D027A44095009B9BB6 /* Build configuration list for PBXNativeTarget "LevelTests" */ = {
			isa = XCConfigurationList;
			buildConfigurations = (
				5E7F74D127A44095009B9BB6 /* Debug */,
				5E7F74D227A44095009B9BB6 /* Release */,
			);
			defaultConfigurationIsVisible = 0;
			defaultConfigurationName = Release;
		};
		5E7F74D327A44095009B9BB6 /* Build configuration list for PBXNativeTarget "LevelUITests" */ = {
			isa = XCConfigurationList;
			buildConfigurations = (
				5E7F74D427A44095009B9BB6 /* Debug */,
				5E7F74D527A44095009B9BB6 /* Release */,
			);
			defaultConfigurationIsVisible = 0;
			defaultConfigurationName = Release;
		};
/* End XCConfigurationList section */

/* Begin XCRemoteSwiftPackageReference section */
		5EE2B85C27E8B0D500F72AD5 /* XCRemoteSwiftPackageReference "Charts" */ = {
			isa = XCRemoteSwiftPackageReference;
			repositoryURL = "https://github.com/danielgindi/Charts";
			requirement = {
				kind = upToNextMajorVersion;
				minimumVersion = 3.0.0;
			};
		};
/* End XCRemoteSwiftPackageReference section */

/* Begin XCSwiftPackageProductDependency section */
		5EE2B85D27E8B0D500F72AD5 /* Charts */ = {
			isa = XCSwiftPackageProductDependency;
			package = 5EE2B85C27E8B0D500F72AD5 /* XCRemoteSwiftPackageReference "Charts" */;
			productName = Charts;
		};
/* End XCSwiftPackageProductDependency section */

/* Begin XCVersionGroup section */
		5E7F74B227A44095009B9BB6 /* Level.xcdatamodeld */ = {
			isa = XCVersionGroup;
			children = (
				5E7F74B327A44095009B9BB6 /* Level.xcdatamodel */,
			);
			currentVersion = 5E7F74B327A44095009B9BB6 /* Level.xcdatamodel */;
			path = Level.xcdatamodeld;
			sourceTree = "<group>";
			versionGroupType = wrapper.xcdatamodel;
		};
/* End XCVersionGroup section */
	};
	rootObject = 5E7F749C27A44091009B9BB6 /* Project object */;
}
